// !$*UTF8*$!
{
	archiveVersion = 1;
	classes = {
	};
	objectVersion = 46;
	objects = {

/* Begin PBXBuildFile section */
		96011CD01CF12B1B000971F7 /* litOrb@2x.png in Resources */ = {isa = PBXBuildFile; fileRef = 96011CCF1CF12B1B000971F7 /* litOrb@2x.png */; };
		9632B1A51D04B21300A62724 /* redfighter.png in Resources */ = {isa = PBXBuildFile; fileRef = 9632B1A41D04B21300A62724 /* redfighter.png */; };
		9632B1AE1D04BE8100A62724 /* redfighter0001.png in Resources */ = {isa = PBXBuildFile; fileRef = 9632B1A61D04BE8100A62724 /* redfighter0001.png */; };
		9632B1AF1D04BE8100A62724 /* redfighter0002.png in Resources */ = {isa = PBXBuildFile; fileRef = 9632B1A71D04BE8100A62724 /* redfighter0002.png */; };
		9632B1B01D04BE8100A62724 /* redfighter0003.png in Resources */ = {isa = PBXBuildFile; fileRef = 9632B1A81D04BE8100A62724 /* redfighter0003.png */; };
		9632B1B11D04BE8100A62724 /* redfighter0004.png in Resources */ = {isa = PBXBuildFile; fileRef = 9632B1A91D04BE8100A62724 /* redfighter0004.png */; };
		9632B1B21D04BE8100A62724 /* redfighter0006.png in Resources */ = {isa = PBXBuildFile; fileRef = 9632B1AA1D04BE8100A62724 /* redfighter0006.png */; };
		9632B1B31D04BE8100A62724 /* redfighter0007.png in Resources */ = {isa = PBXBuildFile; fileRef = 9632B1AB1D04BE8100A62724 /* redfighter0007.png */; };
		9632B1B41D04BE8100A62724 /* redfighter0008.png in Resources */ = {isa = PBXBuildFile; fileRef = 9632B1AC1D04BE8100A62724 /* redfighter0008.png */; };
		9632B1B51D04BE8100A62724 /* redfighter0009.png in Resources */ = {isa = PBXBuildFile; fileRef = 9632B1AD1D04BE8100A62724 /* redfighter0009.png */; };
		963590111CF81C9C00853AD8 /* bg1@2x.jpg in Resources */ = {isa = PBXBuildFile; fileRef = 963590091CF81C9C00853AD8 /* bg1@2x.jpg */; };
		963590121CF81C9C00853AD8 /* bg2@2x.jpg in Resources */ = {isa = PBXBuildFile; fileRef = 9635900A1CF81C9C00853AD8 /* bg2@2x.jpg */; };
		963590131CF81C9C00853AD8 /* bg3@2x.jpg in Resources */ = {isa = PBXBuildFile; fileRef = 9635900B1CF81C9C00853AD8 /* bg3@2x.jpg */; };
		963590141CF81C9C00853AD8 /* bg4@2x.jpg in Resources */ = {isa = PBXBuildFile; fileRef = 9635900C1CF81C9C00853AD8 /* bg4@2x.jpg */; };
		963590151CF81C9C00853AD8 /* bg5@2x.jpg in Resources */ = {isa = PBXBuildFile; fileRef = 9635900D1CF81C9C00853AD8 /* bg5@2x.jpg */; };
		963590161CF81C9C00853AD8 /* bg6@2x.jpg in Resources */ = {isa = PBXBuildFile; fileRef = 9635900E1CF81C9C00853AD8 /* bg6@2x.jpg */; };
		963590171CF81C9C00853AD8 /* bg7@2x.jpg in Resources */ = {isa = PBXBuildFile; fileRef = 9635900F1CF81C9C00853AD8 /* bg7@2x.jpg */; };
		963590181CF81C9C00853AD8 /* bg8@2x.jpg in Resources */ = {isa = PBXBuildFile; fileRef = 963590101CF81C9C00853AD8 /* bg8@2x.jpg */; };
		968E0FE11CE7E98A001DA997 /* AppDelegate.swift in Sources */ = {isa = PBXBuildFile; fileRef = 968E0FE01CE7E98A001DA997 /* AppDelegate.swift */; };
		968E0FE31CE7E98B001DA997 /* GameScene.sks in Resources */ = {isa = PBXBuildFile; fileRef = 968E0FE21CE7E98B001DA997 /* GameScene.sks */; };
		968E0FE51CE7E98B001DA997 /* GameScene.swift in Sources */ = {isa = PBXBuildFile; fileRef = 968E0FE41CE7E98B001DA997 /* GameScene.swift */; };
		968E0FE71CE7E98B001DA997 /* GameViewController.swift in Sources */ = {isa = PBXBuildFile; fileRef = 968E0FE61CE7E98B001DA997 /* GameViewController.swift */; };
		968E0FEA1CE7E98B001DA997 /* Main.storyboard in Resources */ = {isa = PBXBuildFile; fileRef = 968E0FE81CE7E98B001DA997 /* Main.storyboard */; };
		968E0FEC1CE7E98B001DA997 /* Images.xcassets in Resources */ = {isa = PBXBuildFile; fileRef = 968E0FEB1CE7E98B001DA997 /* Images.xcassets */; };
		968E0FEF1CE7E98B001DA997 /* LaunchScreen.xib in Resources */ = {isa = PBXBuildFile; fileRef = 968E0FED1CE7E98B001DA997 /* LaunchScreen.xib */; };
		968E0FFB1CE7E98B001DA997 /* space_shooterTests.swift in Sources */ = {isa = PBXBuildFile; fileRef = 968E0FFA1CE7E98B001DA997 /* space_shooterTests.swift */; };
		968E100E1CE80B52001DA997 /* bgmusic.mp3 in Resources */ = {isa = PBXBuildFile; fileRef = 968E100C1CE80B52001DA997 /* bgmusic.mp3 */; };
		968E100F1CE80B52001DA997 /* torpedo.mp3 in Resources */ = {isa = PBXBuildFile; fileRef = 968E100D1CE80B52001DA997 /* torpedo.mp3 */; };
		969AE0831CEBF56900C813EA /* space-meteors in Resources */ = {isa = PBXBuildFile; fileRef = 969AE0821CEBF56900C813EA /* space-meteors */; };
		969AE08D1CEBF65100C813EA /* 1@2x.png in Resources */ = {isa = PBXBuildFile; fileRef = 969AE08A1CEBF65100C813EA /* 1@2x.png */; };
		969AE08E1CEBF65100C813EA /* 2@2x.png in Resources */ = {isa = PBXBuildFile; fileRef = 969AE08B1CEBF65100C813EA /* 2@2x.png */; };
		969AE08F1CEBF65100C813EA /* 3@2x.png in Resources */ = {isa = PBXBuildFile; fileRef = 969AE08C1CEBF65100C813EA /* 3@2x.png */; };
		96AE74EE1CFB8C48002F5C6C /* lose.mp3 in Resources */ = {isa = PBXBuildFile; fileRef = 96AE74EC1CFB8C48002F5C6C /* lose.mp3 */; };
		96AE74EF1CFB8C48002F5C6C /* orb.mp3 in Resources */ = {isa = PBXBuildFile; fileRef = 96AE74ED1CFB8C48002F5C6C /* orb.mp3 */; };
		96AE74FA1CFBBC71002F5C6C /* DataController.swift in Sources */ = {isa = PBXBuildFile; fileRef = 96AE74F91CFBBC71002F5C6C /* DataController.swift */; };
		96B86E711D0F4347007BAB53 /* MenuScene.sks in Resources */ = {isa = PBXBuildFile; fileRef = 96B86E701D0F4347007BAB53 /* MenuScene.sks */; };
		96B86E751D0F441A007BAB53 /* MenuScene.swift in Sources */ = {isa = PBXBuildFile; fileRef = 96B86E741D0F441A007BAB53 /* MenuScene.swift */; };
		96B86E771D0F4B1B007BAB53 /* play@2x.png in Resources */ = {isa = PBXBuildFile; fileRef = 96B86E761D0F4B1B007BAB53 /* play@2x.png */; };
		96E2C0841CF3DDBD009BDBC5 /* GameOverScene.swift in Sources */ = {isa = PBXBuildFile; fileRef = 96E2C0831CF3DDBD009BDBC5 /* GameOverScene.swift */; };
/* End PBXBuildFile section */

/* Begin PBXContainerItemProxy section */
		968E0FF51CE7E98B001DA997 /* PBXContainerItemProxy */ = {
			isa = PBXContainerItemProxy;
			containerPortal = 968E0FD31CE7E98A001DA997 /* Project object */;
			proxyType = 1;
			remoteGlobalIDString = 968E0FDA1CE7E98A001DA997;
			remoteInfo = "space-shooter";
		};
/* End PBXContainerItemProxy section */

/* Begin PBXFileReference section */
		96011CCF1CF12B1B000971F7 /* litOrb@2x.png */ = {isa = PBXFileReference; lastKnownFileType = image.png; path = "litOrb@2x.png"; sourceTree = "<group>"; };
		9632B1A41D04B21300A62724 /* redfighter.png */ = {isa = PBXFileReference; lastKnownFileType = image.png; path = redfighter.png; sourceTree = "<group>"; };
		9632B1A61D04BE8100A62724 /* redfighter0001.png */ = {isa = PBXFileReference; lastKnownFileType = image.png; path = redfighter0001.png; sourceTree = "<group>"; };
		9632B1A71D04BE8100A62724 /* redfighter0002.png */ = {isa = PBXFileReference; lastKnownFileType = image.png; path = redfighter0002.png; sourceTree = "<group>"; };
		9632B1A81D04BE8100A62724 /* redfighter0003.png */ = {isa = PBXFileReference; lastKnownFileType = image.png; path = redfighter0003.png; sourceTree = "<group>"; };
		9632B1A91D04BE8100A62724 /* redfighter0004.png */ = {isa = PBXFileReference; lastKnownFileType = image.png; path = redfighter0004.png; sourceTree = "<group>"; };
		9632B1AA1D04BE8100A62724 /* redfighter0006.png */ = {isa = PBXFileReference; lastKnownFileType = image.png; path = redfighter0006.png; sourceTree = "<group>"; };
		9632B1AB1D04BE8100A62724 /* redfighter0007.png */ = {isa = PBXFileReference; lastKnownFileType = image.png; path = redfighter0007.png; sourceTree = "<group>"; };
		9632B1AC1D04BE8100A62724 /* redfighter0008.png */ = {isa = PBXFileReference; lastKnownFileType = image.png; path = redfighter0008.png; sourceTree = "<group>"; };
		9632B1AD1D04BE8100A62724 /* redfighter0009.png */ = {isa = PBXFileReference; lastKnownFileType = image.png; path = redfighter0009.png; sourceTree = "<group>"; };
		963590091CF81C9C00853AD8 /* bg1@2x.jpg */ = {isa = PBXFileReference; lastKnownFileType = image.jpeg; path = "bg1@2x.jpg"; sourceTree = "<group>"; };
		9635900A1CF81C9C00853AD8 /* bg2@2x.jpg */ = {isa = PBXFileReference; lastKnownFileType = image.jpeg; path = "bg2@2x.jpg"; sourceTree = "<group>"; };
		9635900B1CF81C9C00853AD8 /* bg3@2x.jpg */ = {isa = PBXFileReference; lastKnownFileType = image.jpeg; path = "bg3@2x.jpg"; sourceTree = "<group>"; };
		9635900C1CF81C9C00853AD8 /* bg4@2x.jpg */ = {isa = PBXFileReference; lastKnownFileType = image.jpeg; path = "bg4@2x.jpg"; sourceTree = "<group>"; };
		9635900D1CF81C9C00853AD8 /* bg5@2x.jpg */ = {isa = PBXFileReference; lastKnownFileType = image.jpeg; path = "bg5@2x.jpg"; sourceTree = "<group>"; };
		9635900E1CF81C9C00853AD8 /* bg6@2x.jpg */ = {isa = PBXFileReference; lastKnownFileType = image.jpeg; path = "bg6@2x.jpg"; sourceTree = "<group>"; };
		9635900F1CF81C9C00853AD8 /* bg7@2x.jpg */ = {isa = PBXFileReference; lastKnownFileType = image.jpeg; path = "bg7@2x.jpg"; sourceTree = "<group>"; };
		963590101CF81C9C00853AD8 /* bg8@2x.jpg */ = {isa = PBXFileReference; lastKnownFileType = image.jpeg; path = "bg8@2x.jpg"; sourceTree = "<group>"; };
		968E0FDB1CE7E98A001DA997 /* space-shooter.app */ = {isa = PBXFileReference; explicitFileType = wrapper.application; includeInIndex = 0; path = "space-shooter.app"; sourceTree = BUILT_PRODUCTS_DIR; };
		968E0FDF1CE7E98A001DA997 /* Info.plist */ = {isa = PBXFileReference; lastKnownFileType = text.plist.xml; path = Info.plist; sourceTree = "<group>"; };
		968E0FE01CE7E98A001DA997 /* AppDelegate.swift */ = {isa = PBXFileReference; lastKnownFileType = sourcecode.swift; path = AppDelegate.swift; sourceTree = "<group>"; };
		968E0FE21CE7E98B001DA997 /* GameScene.sks */ = {isa = PBXFileReference; lastKnownFileType = file.sks; path = GameScene.sks; sourceTree = "<group>"; };
		968E0FE41CE7E98B001DA997 /* GameScene.swift */ = {isa = PBXFileReference; lastKnownFileType = sourcecode.swift; path = GameScene.swift; sourceTree = "<group>"; };
		968E0FE61CE7E98B001DA997 /* GameViewController.swift */ = {isa = PBXFileReference; lastKnownFileType = sourcecode.swift; path = GameViewController.swift; sourceTree = "<group>"; };
		968E0FE91CE7E98B001DA997 /* Base */ = {isa = PBXFileReference; lastKnownFileType = file.storyboard; name = Base; path = Base.lproj/Main.storyboard; sourceTree = "<group>"; };
		968E0FEB1CE7E98B001DA997 /* Images.xcassets */ = {isa = PBXFileReference; lastKnownFileType = folder.assetcatalog; path = Images.xcassets; sourceTree = "<group>"; };
		968E0FEE1CE7E98B001DA997 /* Base */ = {isa = PBXFileReference; lastKnownFileType = file.xib; name = Base; path = Base.lproj/LaunchScreen.xib; sourceTree = "<group>"; };
		968E0FF41CE7E98B001DA997 /* space-shooterTests.xctest */ = {isa = PBXFileReference; explicitFileType = wrapper.cfbundle; includeInIndex = 0; path = "space-shooterTests.xctest"; sourceTree = BUILT_PRODUCTS_DIR; };
		968E0FF91CE7E98B001DA997 /* Info.plist */ = {isa = PBXFileReference; lastKnownFileType = text.plist.xml; path = Info.plist; sourceTree = "<group>"; };
		968E0FFA1CE7E98B001DA997 /* space_shooterTests.swift */ = {isa = PBXFileReference; lastKnownFileType = sourcecode.swift; path = space_shooterTests.swift; sourceTree = "<group>"; };
		968E100C1CE80B52001DA997 /* bgmusic.mp3 */ = {isa = PBXFileReference; lastKnownFileType = audio.mp3; path = bgmusic.mp3; sourceTree = "<group>"; };
		968E100D1CE80B52001DA997 /* torpedo.mp3 */ = {isa = PBXFileReference; lastKnownFileType = audio.mp3; path = torpedo.mp3; sourceTree = "<group>"; };
		969AE0821CEBF56900C813EA /* space-meteors */ = {isa = PBXFileReference; lastKnownFileType = folder; path = "space-meteors"; sourceTree = "<group>"; };
		969AE08A1CEBF65100C813EA /* 1@2x.png */ = {isa = PBXFileReference; lastKnownFileType = image.png; path = "1@2x.png"; sourceTree = "<group>"; };
		969AE08B1CEBF65100C813EA /* 2@2x.png */ = {isa = PBXFileReference; lastKnownFileType = image.png; path = "2@2x.png"; sourceTree = "<group>"; };
		969AE08C1CEBF65100C813EA /* 3@2x.png */ = {isa = PBXFileReference; lastKnownFileType = image.png; path = "3@2x.png"; sourceTree = "<group>"; };
		96AE74EC1CFB8C48002F5C6C /* lose.mp3 */ = {isa = PBXFileReference; lastKnownFileType = audio.mp3; path = lose.mp3; sourceTree = "<group>"; };
		96AE74ED1CFB8C48002F5C6C /* orb.mp3 */ = {isa = PBXFileReference; lastKnownFileType = audio.mp3; path = orb.mp3; sourceTree = "<group>"; };
		96AE74F91CFBBC71002F5C6C /* DataController.swift */ = {isa = PBXFileReference; fileEncoding = 4; lastKnownFileType = sourcecode.swift; path = DataController.swift; sourceTree = "<group>"; };
		96B86E701D0F4347007BAB53 /* MenuScene.sks */ = {isa = PBXFileReference; lastKnownFileType = file.sks; path = MenuScene.sks; sourceTree = "<group>"; };
		96B86E741D0F441A007BAB53 /* MenuScene.swift */ = {isa = PBXFileReference; fileEncoding = 4; lastKnownFileType = sourcecode.swift; path = MenuScene.swift; sourceTree = "<group>"; };
		96B86E761D0F4B1B007BAB53 /* play@2x.png */ = {isa = PBXFileReference; lastKnownFileType = image.png; path = "play@2x.png"; sourceTree = "<group>"; };
		96E2C0831CF3DDBD009BDBC5 /* GameOverScene.swift */ = {isa = PBXFileReference; fileEncoding = 4; lastKnownFileType = sourcecode.swift; path = GameOverScene.swift; sourceTree = "<group>"; };
/* End PBXFileReference section */

/* Begin PBXFrameworksBuildPhase section */
		968E0FD81CE7E98A001DA997 /* Frameworks */ = {
			isa = PBXFrameworksBuildPhase;
			buildActionMask = 2147483647;
			files = (
			);
			runOnlyForDeploymentPostprocessing = 0;
		};
		968E0FF11CE7E98B001DA997 /* Frameworks */ = {
			isa = PBXFrameworksBuildPhase;
			buildActionMask = 2147483647;
			files = (
			);
			runOnlyForDeploymentPostprocessing = 0;
		};
/* End PBXFrameworksBuildPhase section */

/* Begin PBXGroup section */
		964DBDDB1D04E2E2008CA0AA /* backgrounds */ = {
			isa = PBXGroup;
			children = (
				963590091CF81C9C00853AD8 /* bg1@2x.jpg */,
				9635900A1CF81C9C00853AD8 /* bg2@2x.jpg */,
				9635900B1CF81C9C00853AD8 /* bg3@2x.jpg */,
				9635900C1CF81C9C00853AD8 /* bg4@2x.jpg */,
				9635900D1CF81C9C00853AD8 /* bg5@2x.jpg */,
				9635900E1CF81C9C00853AD8 /* bg6@2x.jpg */,
				9635900F1CF81C9C00853AD8 /* bg7@2x.jpg */,
				963590101CF81C9C00853AD8 /* bg8@2x.jpg */,
			);
			name = backgrounds;
			sourceTree = "<group>";
		};
		968E0FD21CE7E98A001DA997 = {
			isa = PBXGroup;
			children = (
				968E0FDD1CE7E98A001DA997 /* space-shooter */,
				968E0FF71CE7E98B001DA997 /* space-shooterTests */,
				968E0FDC1CE7E98A001DA997 /* Products */,
			);
			sourceTree = "<group>";
		};
		968E0FDC1CE7E98A001DA997 /* Products */ = {
			isa = PBXGroup;
			children = (
				968E0FDB1CE7E98A001DA997 /* space-shooter.app */,
				968E0FF41CE7E98B001DA997 /* space-shooterTests.xctest */,
			);
			name = Products;
			sourceTree = "<group>";
		};
		968E0FDD1CE7E98A001DA997 /* space-shooter */ = {
			isa = PBXGroup;
			children = (
				969AE0821CEBF56900C813EA /* space-meteors */,
				968E0FE01CE7E98A001DA997 /* AppDelegate.swift */,
				96B86E701D0F4347007BAB53 /* MenuScene.sks */,
				968E0FE21CE7E98B001DA997 /* GameScene.sks */,
				96E2C0831CF3DDBD009BDBC5 /* GameOverScene.swift */,
				96B86E741D0F441A007BAB53 /* MenuScene.swift */,
				968E0FE41CE7E98B001DA997 /* GameScene.swift */,
				968E0FE61CE7E98B001DA997 /* GameViewController.swift */,
				968E0FE81CE7E98B001DA997 /* Main.storyboard */,
				968E0FEB1CE7E98B001DA997 /* Images.xcassets */,
				968E0FED1CE7E98B001DA997 /* LaunchScreen.xib */,
				96AE74F91CFBBC71002F5C6C /* DataController.swift */,
				968E10041CE80A9F001DA997 /* sprites.atlas */,
				968E10051CE80AA9001DA997 /* sounds */,
				968E0FDE1CE7E98A001DA997 /* Supporting Files */,
			);
			path = "space-shooter";
			sourceTree = "<group>";
		};
		968E0FDE1CE7E98A001DA997 /* Supporting Files */ = {
			isa = PBXGroup;
			children = (
				968E0FDF1CE7E98A001DA997 /* Info.plist */,
			);
			name = "Supporting Files";
			sourceTree = "<group>";
		};
		968E0FF71CE7E98B001DA997 /* space-shooterTests */ = {
			isa = PBXGroup;
			children = (
				968E0FFA1CE7E98B001DA997 /* space_shooterTests.swift */,
				968E0FF81CE7E98B001DA997 /* Supporting Files */,
			);
			path = "space-shooterTests";
			sourceTree = "<group>";
		};
		968E0FF81CE7E98B001DA997 /* Supporting Files */ = {
			isa = PBXGroup;
			children = (
				968E0FF91CE7E98B001DA997 /* Info.plist */,
			);
			name = "Supporting Files";
			sourceTree = "<group>";
		};
		968E10041CE80A9F001DA997 /* sprites.atlas */ = {
			isa = PBXGroup;
			children = (
				96B86E761D0F4B1B007BAB53 /* play@2x.png */,
				964DBDDB1D04E2E2008CA0AA /* backgrounds */,
				9632B1A61D04BE8100A62724 /* redfighter0001.png */,
				9632B1A71D04BE8100A62724 /* redfighter0002.png */,
				9632B1A81D04BE8100A62724 /* redfighter0003.png */,
				9632B1A91D04BE8100A62724 /* redfighter0004.png */,
				9632B1AA1D04BE8100A62724 /* redfighter0006.png */,
				9632B1AB1D04BE8100A62724 /* redfighter0007.png */,
				9632B1AC1D04BE8100A62724 /* redfighter0008.png */,
				9632B1AD1D04BE8100A62724 /* redfighter0009.png */,
				9632B1A41D04B21300A62724 /* redfighter.png */,
				96011CCF1CF12B1B000971F7 /* litOrb@2x.png */,
				969AE08A1CEBF65100C813EA /* 1@2x.png */,
				969AE08B1CEBF65100C813EA /* 2@2x.png */,
				969AE08C1CEBF65100C813EA /* 3@2x.png */,
			);
			name = sprites.atlas;
			sourceTree = "<group>";
		};
		968E10051CE80AA9001DA997 /* sounds */ = {
			isa = PBXGroup;
			children = (
				96AE74EC1CFB8C48002F5C6C /* lose.mp3 */,
				96AE74ED1CFB8C48002F5C6C /* orb.mp3 */,
				968E100C1CE80B52001DA997 /* bgmusic.mp3 */,
				968E100D1CE80B52001DA997 /* torpedo.mp3 */,
			);
			name = sounds;
			sourceTree = "<group>";
		};
/* End PBXGroup section */

/* Begin PBXNativeTarget section */
		968E0FDA1CE7E98A001DA997 /* space-shooter */ = {
			isa = PBXNativeTarget;
			buildConfigurationList = 968E0FFE1CE7E98B001DA997 /* Build configuration list for PBXNativeTarget "space-shooter" */;
			buildPhases = (
				968E0FD71CE7E98A001DA997 /* Sources */,
				968E0FD81CE7E98A001DA997 /* Frameworks */,
				968E0FD91CE7E98A001DA997 /* Resources */,
			);
			buildRules = (
			);
			dependencies = (
			);
			name = "space-shooter";
			productName = "space-shooter";
			productReference = 968E0FDB1CE7E98A001DA997 /* space-shooter.app */;
			productType = "com.apple.product-type.application";
		};
		968E0FF31CE7E98B001DA997 /* space-shooterTests */ = {
			isa = PBXNativeTarget;
			buildConfigurationList = 968E10011CE7E98B001DA997 /* Build configuration list for PBXNativeTarget "space-shooterTests" */;
			buildPhases = (
				968E0FF01CE7E98B001DA997 /* Sources */,
				968E0FF11CE7E98B001DA997 /* Frameworks */,
				968E0FF21CE7E98B001DA997 /* Resources */,
			);
			buildRules = (
			);
			dependencies = (
				968E0FF61CE7E98B001DA997 /* PBXTargetDependency */,
			);
			name = "space-shooterTests";
			productName = "space-shooterTests";
			productReference = 968E0FF41CE7E98B001DA997 /* space-shooterTests.xctest */;
			productType = "com.apple.product-type.bundle.unit-test";
		};
/* End PBXNativeTarget section */

/* Begin PBXProject section */
		968E0FD31CE7E98A001DA997 /* Project object */ = {
			isa = PBXProject;
			attributes = {
				LastSwiftMigration = 0730;
				LastSwiftUpdateCheck = 0730;
				LastUpgradeCheck = 0640;
				ORGANIZATIONNAME = "Abdulrahman Abdulghafar";
				TargetAttributes = {
					968E0FDA1CE7E98A001DA997 = {
						CreatedOnToolsVersion = 6.4;
						DevelopmentTeam = UK69PE77ZC;
					};
					968E0FF31CE7E98B001DA997 = {
						CreatedOnToolsVersion = 6.4;
						TestTargetID = 968E0FDA1CE7E98A001DA997;
					};
				};
			};
			buildConfigurationList = 968E0FD61CE7E98A001DA997 /* Build configuration list for PBXProject "space-shooter" */;
			compatibilityVersion = "Xcode 3.2";
			developmentRegion = English;
			hasScannedForEncodings = 0;
			knownRegions = (
				en,
				Base,
			);
			mainGroup = 968E0FD21CE7E98A001DA997;
			productRefGroup = 968E0FDC1CE7E98A001DA997 /* Products */;
			projectDirPath = "";
			projectRoot = "";
			targets = (
				968E0FDA1CE7E98A001DA997 /* space-shooter */,
				968E0FF31CE7E98B001DA997 /* space-shooterTests */,
			);
		};
/* End PBXProject section */

/* Begin PBXResourcesBuildPhase section */
		968E0FD91CE7E98A001DA997 /* Resources */ = {
			isa = PBXResourcesBuildPhase;
			buildActionMask = 2147483647;
			files = (
				96AE74EF1CFB8C48002F5C6C /* orb.mp3 in Resources */,
				9632B1B51D04BE8100A62724 /* redfighter0009.png in Resources */,
				9632B1B31D04BE8100A62724 /* redfighter0007.png in Resources */,
				963590181CF81C9C00853AD8 /* bg8@2x.jpg in Resources */,
				96011CD01CF12B1B000971F7 /* litOrb@2x.png in Resources */,
				969AE08D1CEBF65100C813EA /* 1@2x.png in Resources */,
				969AE08F1CEBF65100C813EA /* 3@2x.png in Resources */,
				9632B1A51D04B21300A62724 /* redfighter.png in Resources */,
				963590171CF81C9C00853AD8 /* bg7@2x.jpg in Resources */,
				9632B1B11D04BE8100A62724 /* redfighter0004.png in Resources */,
				969AE08E1CEBF65100C813EA /* 2@2x.png in Resources */,
				9632B1AE1D04BE8100A62724 /* redfighter0001.png in Resources */,
				9632B1AF1D04BE8100A62724 /* redfighter0002.png in Resources */,
				963590141CF81C9C00853AD8 /* bg4@2x.jpg in Resources */,
				963590131CF81C9C00853AD8 /* bg3@2x.jpg in Resources */,
				963590121CF81C9C00853AD8 /* bg2@2x.jpg in Resources */,
				9632B1B41D04BE8100A62724 /* redfighter0008.png in Resources */,
				968E0FEF1CE7E98B001DA997 /* LaunchScreen.xib in Resources */,
				968E100E1CE80B52001DA997 /* bgmusic.mp3 in Resources */,
				96AE74EE1CFB8C48002F5C6C /* lose.mp3 in Resources */,
				9632B1B21D04BE8100A62724 /* redfighter0006.png in Resources */,
				963590111CF81C9C00853AD8 /* bg1@2x.jpg in Resources */,
				968E0FEC1CE7E98B001DA997 /* Images.xcassets in Resources */,
				96B86E711D0F4347007BAB53 /* MenuScene.sks in Resources */,
				963590161CF81C9C00853AD8 /* bg6@2x.jpg in Resources */,
				963590151CF81C9C00853AD8 /* bg5@2x.jpg in Resources */,
				968E0FE31CE7E98B001DA997 /* GameScene.sks in Resources */,
				9632B1B01D04BE8100A62724 /* redfighter0003.png in Resources */,
				969AE0831CEBF56900C813EA /* space-meteors in Resources */,
				968E100F1CE80B52001DA997 /* torpedo.mp3 in Resources */,
				96B86E771D0F4B1B007BAB53 /* play@2x.png in Resources */,
				968E0FEA1CE7E98B001DA997 /* Main.storyboard in Resources */,
			);
			runOnlyForDeploymentPostprocessing = 0;
		};
		968E0FF21CE7E98B001DA997 /* Resources */ = {
			isa = PBXResourcesBuildPhase;
			buildActionMask = 2147483647;
			files = (
			);
			runOnlyForDeploymentPostprocessing = 0;
		};
/* End PBXResourcesBuildPhase section */

/* Begin PBXSourcesBuildPhase section */
		968E0FD71CE7E98A001DA997 /* Sources */ = {
			isa = PBXSourcesBuildPhase;
			buildActionMask = 2147483647;
			files = (
				968E0FE51CE7E98B001DA997 /* GameScene.swift in Sources */,
				96AE74FA1CFBBC71002F5C6C /* DataController.swift in Sources */,
				968E0FE71CE7E98B001DA997 /* GameViewController.swift in Sources */,
				96B86E751D0F441A007BAB53 /* MenuScene.swift in Sources */,
				96E2C0841CF3DDBD009BDBC5 /* GameOverScene.swift in Sources */,
				968E0FE11CE7E98A001DA997 /* AppDelegate.swift in Sources */,
			);
			runOnlyForDeploymentPostprocessing = 0;
		};
		968E0FF01CE7E98B001DA997 /* Sources */ = {
			isa = PBXSourcesBuildPhase;
			buildActionMask = 2147483647;
			files = (
				968E0FFB1CE7E98B001DA997 /* space_shooterTests.swift in Sources */,
			);
			runOnlyForDeploymentPostprocessing = 0;
		};
/* End PBXSourcesBuildPhase section */

/* Begin PBXTargetDependency section */
		968E0FF61CE7E98B001DA997 /* PBXTargetDependency */ = {
			isa = PBXTargetDependency;
			target = 968E0FDA1CE7E98A001DA997 /* space-shooter */;
			targetProxy = 968E0FF51CE7E98B001DA997 /* PBXContainerItemProxy */;
		};
/* End PBXTargetDependency section */

/* Begin PBXVariantGroup section */
		968E0FE81CE7E98B001DA997 /* Main.storyboard */ = {
			isa = PBXVariantGroup;
			children = (
				968E0FE91CE7E98B001DA997 /* Base */,
			);
			name = Main.storyboard;
			sourceTree = "<group>";
		};
		968E0FED1CE7E98B001DA997 /* LaunchScreen.xib */ = {
			isa = PBXVariantGroup;
			children = (
				968E0FEE1CE7E98B001DA997 /* Base */,
			);
			name = LaunchScreen.xib;
			sourceTree = "<group>";
		};
/* End PBXVariantGroup section */

/* Begin XCBuildConfiguration section */
		968E0FFC1CE7E98B001DA997 /* Debug */ = {
			isa = XCBuildConfiguration;
			buildSettings = {
				ALWAYS_SEARCH_USER_PATHS = NO;
				CLANG_CXX_LANGUAGE_STANDARD = "gnu++0x";
				CLANG_CXX_LIBRARY = "libc++";
				CLANG_ENABLE_MODULES = YES;
				CLANG_ENABLE_OBJC_ARC = YES;
				CLANG_WARN_BOOL_CONVERSION = YES;
				CLANG_WARN_CONSTANT_CONVERSION = YES;
				CLANG_WARN_DIRECT_OBJC_ISA_USAGE = YES_ERROR;
				CLANG_WARN_EMPTY_BODY = YES;
				CLANG_WARN_ENUM_CONVERSION = YES;
				CLANG_WARN_INT_CONVERSION = YES;
				CLANG_WARN_OBJC_ROOT_CLASS = YES_ERROR;
				CLANG_WARN_UNREACHABLE_CODE = YES;
				CLANG_WARN__DUPLICATE_METHOD_MATCH = YES;
				"CODE_SIGN_IDENTITY[sdk=iphoneos*]" = "iPhone Developer";
				COPY_PHASE_STRIP = NO;
				DEBUG_INFORMATION_FORMAT = "dwarf-with-dsym";
				ENABLE_STRICT_OBJC_MSGSEND = YES;
				GCC_C_LANGUAGE_STANDARD = gnu99;
				GCC_DYNAMIC_NO_PIC = NO;
				GCC_NO_COMMON_BLOCKS = YES;
				GCC_OPTIMIZATION_LEVEL = 0;
				GCC_PREPROCESSOR_DEFINITIONS = (
					"DEBUG=1",
					"$(inherited)",
				);
				GCC_SYMBOLS_PRIVATE_EXTERN = NO;
				GCC_WARN_64_TO_32_BIT_CONVERSION = YES;
				GCC_WARN_ABOUT_RETURN_TYPE = YES_ERROR;
				GCC_WARN_UNDECLARED_SELECTOR = YES;
				GCC_WARN_UNINITIALIZED_AUTOS = YES_AGGRESSIVE;
				GCC_WARN_UNUSED_FUNCTION = YES;
				GCC_WARN_UNUSED_VARIABLE = YES;
				IPHONEOS_DEPLOYMENT_TARGET = 8.4;
				MTL_ENABLE_DEBUG_INFO = YES;
				ONLY_ACTIVE_ARCH = YES;
				SDKROOT = iphoneos;
				SWIFT_OPTIMIZATION_LEVEL = "-Onone";
				TARGETED_DEVICE_FAMILY = "1,2";
			};
			name = Debug;
		};
		968E0FFD1CE7E98B001DA997 /* Release */ = {
			isa = XCBuildConfiguration;
			buildSettings = {
				ALWAYS_SEARCH_USER_PATHS = NO;
				CLANG_CXX_LANGUAGE_STANDARD = "gnu++0x";
				CLANG_CXX_LIBRARY = "libc++";
				CLANG_ENABLE_MODULES = YES;
				CLANG_ENABLE_OBJC_ARC = YES;
				CLANG_WARN_BOOL_CONVERSION = YES;
				CLANG_WARN_CONSTANT_CONVERSION = YES;
				CLANG_WARN_DIRECT_OBJC_ISA_USAGE = YES_ERROR;
				CLANG_WARN_EMPTY_BODY = YES;
				CLANG_WARN_ENUM_CONVERSION = YES;
				CLANG_WARN_INT_CONVERSION = YES;
				CLANG_WARN_OBJC_ROOT_CLASS = YES_ERROR;
				CLANG_WARN_UNREACHABLE_CODE = YES;
				CLANG_WARN__DUPLICATE_METHOD_MATCH = YES;
				"CODE_SIGN_IDENTITY[sdk=iphoneos*]" = "iPhone Developer";
				COPY_PHASE_STRIP = NO;
				DEBUG_INFORMATION_FORMAT = "dwarf-with-dsym";
				ENABLE_NS_ASSERTIONS = NO;
				ENABLE_STRICT_OBJC_MSGSEND = YES;
				GCC_C_LANGUAGE_STANDARD = gnu99;
				GCC_NO_COMMON_BLOCKS = YES;
				GCC_WARN_64_TO_32_BIT_CONVERSION = YES;
				GCC_WARN_ABOUT_RETURN_TYPE = YES_ERROR;
				GCC_WARN_UNDECLARED_SELECTOR = YES;
				GCC_WARN_UNINITIALIZED_AUTOS = YES_AGGRESSIVE;
				GCC_WARN_UNUSED_FUNCTION = YES;
				GCC_WARN_UNUSED_VARIABLE = YES;
				IPHONEOS_DEPLOYMENT_TARGET = 8.4;
				MTL_ENABLE_DEBUG_INFO = NO;
				SDKROOT = iphoneos;
				TARGETED_DEVICE_FAMILY = "1,2";
				VALIDATE_PRODUCT = YES;
			};
			name = Release;
		};
		968E0FFF1CE7E98B001DA997 /* Debug */ = {
			isa = XCBuildConfiguration;
			buildSettings = {
				ASSETCATALOG_COMPILER_APPICON_NAME = AppIcon;
				CODE_SIGN_IDENTITY = "iPhone Developer";
				"CODE_SIGN_IDENTITY[sdk=iphoneos*]" = "iPhone Developer";
				INFOPLIST_FILE = "space-shooter/Info.plist";
				IPHONEOS_DEPLOYMENT_TARGET = 8.0;
				LD_RUNPATH_SEARCH_PATHS = "$(inherited) @executable_path/Frameworks";
				PRODUCT_NAME = "$(TARGET_NAME)";
				PROVISIONING_PROFILE = "";
				TARGETED_DEVICE_FAMILY = "1,2";
			};
			name = Debug;
		};
		968E10001CE7E98B001DA997 /* Release */ = {
			isa = XCBuildConfiguration;
			buildSettings = {
				ASSETCATALOG_COMPILER_APPICON_NAME = AppIcon;
				CODE_SIGN_IDENTITY = "iPhone Developer";
				"CODE_SIGN_IDENTITY[sdk=iphoneos*]" = "iPhone Developer";
				INFOPLIST_FILE = "space-shooter/Info.plist";
				IPHONEOS_DEPLOYMENT_TARGET = 8.0;
				LD_RUNPATH_SEARCH_PATHS = "$(inherited) @executable_path/Frameworks";
				PRODUCT_NAME = "$(TARGET_NAME)";
				PROVISIONING_PROFILE = "";
				TARGETED_DEVICE_FAMILY = "1,2";
			};
			name = Release;
		};
		968E10021CE7E98B001DA997 /* Debug */ = {
			isa = XCBuildConfiguration;
			buildSettings = {
				BUNDLE_LOADER = "$(TEST_HOST)";
				FRAMEWORK_SEARCH_PATHS = (
					"$(SDKROOT)/Developer/Library/Frameworks",
					"$(inherited)",
				);
				GCC_PREPROCESSOR_DEFINITIONS = (
					"DEBUG=1",
					"$(inherited)",
				);
				INFOPLIST_FILE = "space-shooterTests/Info.plist";
				LD_RUNPATH_SEARCH_PATHS = "$(inherited) @executable_path/Frameworks @loader_path/Frameworks";
				PRODUCT_NAME = "$(TARGET_NAME)";
				TEST_HOST = "$(BUILT_PRODUCTS_DIR)/space-shooter.app/space-shooter";
			};
			name = Debug;
		};
		968E10031CE7E98B001DA997 /* Release */ = {
			isa = XCBuildConfiguration;
			buildSettings = {
				BUNDLE_LOADER = "$(TEST_HOST)";
				FRAMEWORK_SEARCH_PATHS = (
					"$(SDKROOT)/Developer/Library/Frameworks",
					"$(inherited)",
				);
				INFOPLIST_FILE = "space-shooterTests/Info.plist";
				LD_RUNPATH_SEARCH_PATHS = "$(inherited) @executable_path/Frameworks @loader_path/Frameworks";
				PRODUCT_NAME = "$(TARGET_NAME)";
				TEST_HOST = "$(BUILT_PRODUCTS_DIR)/space-shooter.app/space-shooter";
			};
			name = Release;
		};
/* End XCBuildConfiguration section */

/* Begin XCConfigurationList section */
		968E0FD61CE7E98A001DA997 /* Build configuration list for PBXProject "space-shooter" */ = {
			isa = XCConfigurationList;
			buildConfigurations = (
				968E0FFC1CE7E98B001DA997 /* Debug */,
				968E0FFD1CE7E98B001DA997 /* Release */,
			);
			defaultConfigurationIsVisible = 0;
			defaultConfigurationName = Release;
		};
		968E0FFE1CE7E98B001DA997 /* Build configuration list for PBXNativeTarget "space-shooter" */ = {
			isa = XCConfigurationList;
			buildConfigurations = (
				968E0FFF1CE7E98B001DA997 /* Debug */,
				968E10001CE7E98B001DA997 /* Release */,
			);
			defaultConfigurationIsVisible = 0;
			defaultConfigurationName = Release;
		};
		968E10011CE7E98B001DA997 /* Build configuration list for PBXNativeTarget "space-shooterTests" */ = {
			isa = XCConfigurationList;
			buildConfigurations = (
				968E10021CE7E98B001DA997 /* Debug */,
				968E10031CE7E98B001DA997 /* Release */,
			);
			defaultConfigurationIsVisible = 0;
			defaultConfigurationName = Release;
		};
/* End XCConfigurationList section */
	};
	rootObject = 968E0FD31CE7E98A001DA997 /* Project object */;
}
